{
    "requires": true,
    "lockfileVersion": 1,
    "dependencies": {
        "bs5-lightbox": {
            "version": "1.8.1",
            "resolved": "https://registry.npmjs.org/bs5-lightbox/-/bs5-lightbox-1.8.1.tgz",
            "integrity": "sha512-AI27wLzuNAorfDEibKRt7SqIveHFmq/MCCDKAaHYsQHbS9ssCI9av4rehu6DPJnsrRZ2B3+tap6nU0Nkc3Mp+A=="
        }
    }
}
